
Microsoft Visual Studio Solution File, Format Version 12.00
# Visual Studio Version 16
VisualStudioVersion = 16.0.29728.190
MinimumVisualStudioVersion = 10.0.40219.1
Project("{FAE04EC0-301F-11D3-BF4B-00C04F79EFBC}") = "LerningExceptions", "LerningExceptions\LerningExceptions.csproj", "{45E02128-5444-486E-BA48-7003F784CD2A}"
EndProject
Global
	GlobalSection(SolutionConfigurationPlatforms) = preSolution
		Debug|Any CPU = Debug|Any CPU
		Release|Any CPU = Release|Any CPU
	EndGlobalSection
	GlobalSection(ProjectConfigurationPlatforms) = postSolution
		{45E02128-5444-486E-BA48-7003F784CD2A}.Debug|Any CPU.ActiveCfg = Debug|Any CPU
		{45E02128-5444-486E-BA48-7003F784CD2A}.Debug|Any CPU.Build.0 = Debug|Any CPU
		{45E02128-5444-486E-BA48-7003F784CD2A}.Release|Any CPU.ActiveCfg = Release|Any CPU
		{45E02128-5444-486E-BA48-7003F784CD2A}.Release|Any CPU.Build.0 = Release|Any CPU
	EndGlobalSection
	GlobalSection(SolutionProperties) = preSolution
		HideSolutionNode = FALSE
	EndGlobalSection
	GlobalSection(ExtensibilityGlobals) = postSolution
		SolutionGuid = {34772F59-47B2-4DD9-8C58-BA19296D1F57}
	EndGlobalSection
EndGlobal
