
Microsoft Visual Studio Solution File, Format Version 12.00
# Visual Studio 15
VisualStudioVersion = 15.0.28307.902
MinimumVisualStudioVersion = 10.0.40219.1
Project("{FAE04EC0-301F-11D3-BF4B-00C04F79EFBC}") = "Wpf_Parallelism", "Wpf_Parallelism\Wpf_Parallelism.csproj", "{7A235B1A-488A-41FC-A502-0A8C97B0FD1B}"
EndProject
Global
	GlobalSection(SolutionConfigurationPlatforms) = preSolution
		Debug|Any CPU = Debug|Any CPU
		Release|Any CPU = Release|Any CPU
	EndGlobalSection
	GlobalSection(ProjectConfigurationPlatforms) = postSolution
		{7A235B1A-488A-41FC-A502-0A8C97B0FD1B}.Debug|Any CPU.ActiveCfg = Debug|Any CPU
		{7A235B1A-488A-41FC-A502-0A8C97B0FD1B}.Debug|Any CPU.Build.0 = Debug|Any CPU
		{7A235B1A-488A-41FC-A502-0A8C97B0FD1B}.Release|Any CPU.ActiveCfg = Release|Any CPU
		{7A235B1A-488A-41FC-A502-0A8C97B0FD1B}.Release|Any CPU.Build.0 = Release|Any CPU
	EndGlobalSection
	GlobalSection(SolutionProperties) = preSolution
		HideSolutionNode = FALSE
	EndGlobalSection
	GlobalSection(ExtensibilityGlobals) = postSolution
		SolutionGuid = {C1AE6A87-BAE4-462E-828D-4844B8E83044}
	EndGlobalSection
EndGlobal
