
Microsoft Visual Studio Solution File, Format Version 12.00
# Visual Studio 15
VisualStudioVersion = 15.0.28307.902
MinimumVisualStudioVersion = 10.0.40219.1
Project("{FAE04EC0-301F-11D3-BF4B-00C04F79EFBC}") = "DynamicEdu", "DynamicEdu\DynamicEdu.csproj", "{A3ED1597-299C-46FF-B034-DD3B5E5ED676}"
EndProject
Global
	GlobalSection(SolutionConfigurationPlatforms) = preSolution
		Debug|Any CPU = Debug|Any CPU
		Release|Any CPU = Release|Any CPU
	EndGlobalSection
	GlobalSection(ProjectConfigurationPlatforms) = postSolution
		{A3ED1597-299C-46FF-B034-DD3B5E5ED676}.Debug|Any CPU.ActiveCfg = Debug|Any CPU
		{A3ED1597-299C-46FF-B034-DD3B5E5ED676}.Debug|Any CPU.Build.0 = Debug|Any CPU
		{A3ED1597-299C-46FF-B034-DD3B5E5ED676}.Release|Any CPU.ActiveCfg = Release|Any CPU
		{A3ED1597-299C-46FF-B034-DD3B5E5ED676}.Release|Any CPU.Build.0 = Release|Any CPU
	EndGlobalSection
	GlobalSection(SolutionProperties) = preSolution
		HideSolutionNode = FALSE
	EndGlobalSection
	GlobalSection(ExtensibilityGlobals) = postSolution
		SolutionGuid = {E6EE3C95-970E-44A5-A7B3-97451D9A1A1A}
	EndGlobalSection
EndGlobal
